// !$*UTF8*$!
{
	archiveVersion = 1;
	classes = {
	};
	objectVersion = 46;
	objects = {

/* Begin PBXBuildFile section */
		AA29962F1ED9B50B00B10670 /* AppDelegate.swift in Sources */ = {isa = PBXBuildFile; fileRef = AA29962E1ED9B50B00B10670 /* AppDelegate.swift */; };
		AA2996311ED9B50B00B10670 /* ViewController.swift in Sources */ = {isa = PBXBuildFile; fileRef = AA2996301ED9B50B00B10670 /* ViewController.swift */; };
		AA2996341ED9B50B00B10670 /* Main.storyboard in Resources */ = {isa = PBXBuildFile; fileRef = AA2996321ED9B50B00B10670 /* Main.storyboard */; };
		AA2996361ED9B50B00B10670 /* Assets.xcassets in Resources */ = {isa = PBXBuildFile; fileRef = AA2996351ED9B50B00B10670 /* Assets.xcassets */; };
		AA2996391ED9B50B00B10670 /* LaunchScreen.storyboard in Resources */ = {isa = PBXBuildFile; fileRef = AA2996371ED9B50B00B10670 /* LaunchScreen.storyboard */; };
		AA2996441ED9B50B00B10670 /* TrelloSearchTests.swift in Sources */ = {isa = PBXBuildFile; fileRef = AA2996431ED9B50B00B10670 /* TrelloSearchTests.swift */; };
		AA29964F1ED9B50B00B10670 /* TrelloSearchUITests.swift in Sources */ = {isa = PBXBuildFile; fileRef = AA29964E1ED9B50B00B10670 /* TrelloSearchUITests.swift */; };
/* End PBXBuildFile section */

/* Begin PBXContainerItemProxy section */
		AA2996401ED9B50B00B10670 /* PBXContainerItemProxy */ = {
			isa = PBXContainerItemProxy;
			containerPortal = AA2996231ED9B50A00B10670 /* Project object */;
			proxyType = 1;
			remoteGlobalIDString = AA29962A1ED9B50B00B10670;
			remoteInfo = TrelloSearch;
		};
		AA29964B1ED9B50B00B10670 /* PBXContainerItemProxy */ = {
			isa = PBXContainerItemProxy;
			containerPortal = AA2996231ED9B50A00B10670 /* Project object */;
			proxyType = 1;
			remoteGlobalIDString = AA29962A1ED9B50B00B10670;
			remoteInfo = TrelloSearch;
		};
		AA2996661ED9B68100B10670 /* PBXContainerItemProxy */ = {
			isa = PBXContainerItemProxy;
			containerPortal = AA29965C1ED9B68100B10670 /* OAuthSwift.xcodeproj */;
			proxyType = 2;
			remoteGlobalIDString = F435027A1A6791B200038A29;
			remoteInfo = OAuthSwift;
		};
		AA2996681ED9B68100B10670 /* PBXContainerItemProxy */ = {
			isa = PBXContainerItemProxy;
			containerPortal = AA29965C1ED9B68100B10670 /* OAuthSwift.xcodeproj */;
			proxyType = 2;
			remoteGlobalIDString = C48B28021AFA598D00C7DEF6;
			remoteInfo = OAuthSwiftOSX;
		};
		AA29966A1ED9B68100B10670 /* PBXContainerItemProxy */ = {
			isa = PBXContainerItemProxy;
			containerPortal = AA29965C1ED9B68100B10670 /* OAuthSwift.xcodeproj */;
			proxyType = 2;
			remoteGlobalIDString = C4B6EE1E1BF74CE300443596;
			remoteInfo = OAuthSwiftTVOS;
		};
		AA29966C1ED9B68100B10670 /* PBXContainerItemProxy */ = {
			isa = PBXContainerItemProxy;
			containerPortal = AA29965C1ED9B68100B10670 /* OAuthSwift.xcodeproj */;
			proxyType = 2;
			remoteGlobalIDString = C40890C01C11B37000E3146A;
			remoteInfo = OAuthSwiftWatchOS;
		};
		AA29966E1ED9B68100B10670 /* PBXContainerItemProxy */ = {
			isa = PBXContainerItemProxy;
			containerPortal = AA29965C1ED9B68100B10670 /* OAuthSwift.xcodeproj */;
			proxyType = 2;
			remoteGlobalIDString = F451E3C5195B8CD80051434C;
			remoteInfo = OAuthSwiftDemo;
		};
		AA2996701ED9B68100B10670 /* PBXContainerItemProxy */ = {
			isa = PBXContainerItemProxy;
			containerPortal = AA29965C1ED9B68100B10670 /* OAuthSwift.xcodeproj */;
			proxyType = 2;
			remoteGlobalIDString = C49FD5241AFB5DF500791E1A;
			remoteInfo = OAuthSwiftOSXDemo;
		};
		AA2996721ED9B68100B10670 /* PBXContainerItemProxy */ = {
			isa = PBXContainerItemProxy;
			containerPortal = AA29965C1ED9B68100B10670 /* OAuthSwift.xcodeproj */;
			proxyType = 2;
			remoteGlobalIDString = C4D50DF71BFB693F0053B624;
			remoteInfo = OAuthSwiftTests;
		};
		AA2996741ED9B6CD00B10670 /* PBXContainerItemProxy */ = {
			isa = PBXContainerItemProxy;
			containerPortal = AA29965C1ED9B68100B10670 /* OAuthSwift.xcodeproj */;
			proxyType = 1;
			remoteGlobalIDString = F43502791A6791B200038A29;
			remoteInfo = OAuthSwift;
		};
		AAC748EB1EED743F005824CF /* PBXContainerItemProxy */ = {
			isa = PBXContainerItemProxy;
			containerPortal = AAC748E61EED743E005824CF /* Charts.xcodeproj */;
			proxyType = 2;
			remoteGlobalIDString = 06165F241D8110E600722320;
			remoteInfo = Charts;
		};
		AAC748ED1EED743F005824CF /* PBXContainerItemProxy */ = {
			isa = PBXContainerItemProxy;
			containerPortal = AAC748E61EED743E005824CF /* Charts.xcodeproj */;
			proxyType = 2;
			remoteGlobalIDString = 06165F2E1D8110E600722320;
			remoteInfo = ChartsTests;
		};
		AAC748FA1EED75D6005824CF /* PBXContainerItemProxy */ = {
			isa = PBXContainerItemProxy;
			containerPortal = AAC748E61EED743E005824CF /* Charts.xcodeproj */;
			proxyType = 1;
			remoteGlobalIDString = 06165F231D8110E600722320;
			remoteInfo = Charts;
		};
/* End PBXContainerItemProxy section */

/* Begin PBXFileReference section */
		AA29962B1ED9B50B00B10670 /* TrelloSearch.app */ = {isa = PBXFileReference; explicitFileType = wrapper.application; includeInIndex = 0; path = TrelloSearch.app; sourceTree = BUILT_PRODUCTS_DIR; };
		AA29962E1ED9B50B00B10670 /* AppDelegate.swift */ = {isa = PBXFileReference; lastKnownFileType = sourcecode.swift; path = AppDelegate.swift; sourceTree = "<group>"; };
		AA2996301ED9B50B00B10670 /* ViewController.swift */ = {isa = PBXFileReference; lastKnownFileType = sourcecode.swift; path = ViewController.swift; sourceTree = "<group>"; };
		AA2996331ED9B50B00B10670 /* Base */ = {isa = PBXFileReference; lastKnownFileType = file.storyboard; name = Base; path = Base.lproj/Main.storyboard; sourceTree = "<group>"; };
		AA2996351ED9B50B00B10670 /* Assets.xcassets */ = {isa = PBXFileReference; lastKnownFileType = folder.assetcatalog; path = Assets.xcassets; sourceTree = "<group>"; };
		AA2996381ED9B50B00B10670 /* Base */ = {isa = PBXFileReference; lastKnownFileType = file.storyboard; name = Base; path = Base.lproj/LaunchScreen.storyboard; sourceTree = "<group>"; };
		AA29963A1ED9B50B00B10670 /* Info.plist */ = {isa = PBXFileReference; lastKnownFileType = text.plist.xml; path = Info.plist; sourceTree = "<group>"; };
		AA29963F1ED9B50B00B10670 /* TrelloSearchTests.xctest */ = {isa = PBXFileReference; explicitFileType = wrapper.cfbundle; includeInIndex = 0; path = TrelloSearchTests.xctest; sourceTree = BUILT_PRODUCTS_DIR; };
		AA2996431ED9B50B00B10670 /* TrelloSearchTests.swift */ = {isa = PBXFileReference; lastKnownFileType = sourcecode.swift; path = TrelloSearchTests.swift; sourceTree = "<group>"; };
		AA2996451ED9B50B00B10670 /* Info.plist */ = {isa = PBXFileReference; lastKnownFileType = text.plist.xml; path = Info.plist; sourceTree = "<group>"; };
		AA29964A1ED9B50B00B10670 /* TrelloSearchUITests.xctest */ = {isa = PBXFileReference; explicitFileType = wrapper.cfbundle; includeInIndex = 0; path = TrelloSearchUITests.xctest; sourceTree = BUILT_PRODUCTS_DIR; };
		AA29964E1ED9B50B00B10670 /* TrelloSearchUITests.swift */ = {isa = PBXFileReference; lastKnownFileType = sourcecode.swift; path = TrelloSearchUITests.swift; sourceTree = "<group>"; };
		AA2996501ED9B50B00B10670 /* Info.plist */ = {isa = PBXFileReference; lastKnownFileType = text.plist.xml; path = Info.plist; sourceTree = "<group>"; };
		AA29965C1ED9B68100B10670 /* OAuthSwift.xcodeproj */ = {isa = PBXFileReference; lastKnownFileType = "wrapper.pb-project"; name = OAuthSwift.xcodeproj; path = "../GitHub Repositories/OAuthSwift/OAuthSwift.xcodeproj"; sourceTree = "<group>"; };
		AAC748E61EED743E005824CF /* Charts.xcodeproj */ = {isa = PBXFileReference; lastKnownFileType = "wrapper.pb-project"; name = Charts.xcodeproj; path = "../GitHub Repositories/Charts/Charts.xcodeproj"; sourceTree = "<group>"; };
/* End PBXFileReference section */

/* Begin PBXFrameworksBuildPhase section */
		AA2996281ED9B50B00B10670 /* Frameworks */ = {
			isa = PBXFrameworksBuildPhase;
			buildActionMask = 2147483647;
			files = (
			);
			runOnlyForDeploymentPostprocessing = 0;
		};
		AA29963C1ED9B50B00B10670 /* Frameworks */ = {
			isa = PBXFrameworksBuildPhase;
			buildActionMask = 2147483647;
			files = (
			);
			runOnlyForDeploymentPostprocessing = 0;
		};
		AA2996471ED9B50B00B10670 /* Frameworks */ = {
			isa = PBXFrameworksBuildPhase;
			buildActionMask = 2147483647;
			files = (
			);
			runOnlyForDeploymentPostprocessing = 0;
		};
/* End PBXFrameworksBuildPhase section */

/* Begin PBXGroup section */
		AA2996221ED9B50A00B10670 = {
			isa = PBXGroup;
			children = (
				AAC748E61EED743E005824CF /* Charts.xcodeproj */,
				AA29962D1ED9B50B00B10670 /* TrelloSearch */,
				AA2996421ED9B50B00B10670 /* TrelloSearchTests */,
				AA29964D1ED9B50B00B10670 /* TrelloSearchUITests */,
				AA29962C1ED9B50B00B10670 /* Products */,
				AA29965C1ED9B68100B10670 /* OAuthSwift.xcodeproj */,
			);
			sourceTree = "<group>";
		};
		AA29962C1ED9B50B00B10670 /* Products */ = {
			isa = PBXGroup;
			children = (
				AA29962B1ED9B50B00B10670 /* TrelloSearch.app */,
				AA29963F1ED9B50B00B10670 /* TrelloSearchTests.xctest */,
				AA29964A1ED9B50B00B10670 /* TrelloSearchUITests.xctest */,
			);
			name = Products;
			sourceTree = "<group>";
		};
		AA29962D1ED9B50B00B10670 /* TrelloSearch */ = {
			isa = PBXGroup;
			children = (
				AA29962E1ED9B50B00B10670 /* AppDelegate.swift */,
				AA2996301ED9B50B00B10670 /* ViewController.swift */,
				AA2996321ED9B50B00B10670 /* Main.storyboard */,
				AA2996351ED9B50B00B10670 /* Assets.xcassets */,
				AA2996371ED9B50B00B10670 /* LaunchScreen.storyboard */,
				AA29963A1ED9B50B00B10670 /* Info.plist */,
			);
			path = TrelloSearch;
			sourceTree = "<group>";
		};
		AA2996421ED9B50B00B10670 /* TrelloSearchTests */ = {
			isa = PBXGroup;
			children = (
				AA2996431ED9B50B00B10670 /* TrelloSearchTests.swift */,
				AA2996451ED9B50B00B10670 /* Info.plist */,
			);
			path = TrelloSearchTests;
			sourceTree = "<group>";
		};
		AA29964D1ED9B50B00B10670 /* TrelloSearchUITests */ = {
			isa = PBXGroup;
			children = (
				AA29964E1ED9B50B00B10670 /* TrelloSearchUITests.swift */,
				AA2996501ED9B50B00B10670 /* Info.plist */,
			);
			path = TrelloSearchUITests;
			sourceTree = "<group>";
		};
		AA29965D1ED9B68100B10670 /* Products */ = {
			isa = PBXGroup;
			children = (
				AA2996671ED9B68100B10670 /* OAuthSwift.framework */,
				AA2996691ED9B68100B10670 /* OAuthSwift.framework */,
				AA29966B1ED9B68100B10670 /* OAuthSwift.framework */,
				AA29966D1ED9B68100B10670 /* OAuthSwift.framework */,
				AA29966F1ED9B68100B10670 /* OAuthSwiftDemo.app */,
				AA2996711ED9B68100B10670 /* OAuthSwiftOSXDemo.app */,
				AA2996731ED9B68100B10670 /* OAuthSwiftTests.xctest */,
			);
			name = Products;
			sourceTree = "<group>";
		};
		AAC748E71EED743E005824CF /* Products */ = {
			isa = PBXGroup;
			children = (
				AAC748EC1EED743F005824CF /* Charts.framework */,
				AAC748EE1EED743F005824CF /* ChartsTests.xctest */,
			);
			name = Products;
			sourceTree = "<group>";
		};
/* End PBXGroup section */

/* Begin PBXNativeTarget section */
		AA29962A1ED9B50B00B10670 /* TrelloSearch */ = {
			isa = PBXNativeTarget;
			buildConfigurationList = AA2996531ED9B50B00B10670 /* Build configuration list for PBXNativeTarget "TrelloSearch" */;
			buildPhases = (
				AA2996271ED9B50B00B10670 /* Sources */,
				AA2996281ED9B50B00B10670 /* Frameworks */,
				AA2996291ED9B50B00B10670 /* Resources */,
			);
			buildRules = (
			);
			dependencies = (
				AAC748FB1EED75D6005824CF /* PBXTargetDependency */,
				AA2996751ED9B6CD00B10670 /* PBXTargetDependency */,
			);
			name = TrelloSearch;
			productName = TrelloSearch;
			productReference = AA29962B1ED9B50B00B10670 /* TrelloSearch.app */;
			productType = "com.apple.product-type.application";
		};
		AA29963E1ED9B50B00B10670 /* TrelloSearchTests */ = {
			isa = PBXNativeTarget;
			buildConfigurationList = AA2996561ED9B50B00B10670 /* Build configuration list for PBXNativeTarget "TrelloSearchTests" */;
			buildPhases = (
				AA29963B1ED9B50B00B10670 /* Sources */,
				AA29963C1ED9B50B00B10670 /* Frameworks */,
				AA29963D1ED9B50B00B10670 /* Resources */,
			);
			buildRules = (
			);
			dependencies = (
				AA2996411ED9B50B00B10670 /* PBXTargetDependency */,
			);
			name = TrelloSearchTests;
			productName = TrelloSearchTests;
			productReference = AA29963F1ED9B50B00B10670 /* TrelloSearchTests.xctest */;
			productType = "com.apple.product-type.bundle.unit-test";
		};
		AA2996491ED9B50B00B10670 /* TrelloSearchUITests */ = {
			isa = PBXNativeTarget;
			buildConfigurationList = AA2996591ED9B50B00B10670 /* Build configuration list for PBXNativeTarget "TrelloSearchUITests" */;
			buildPhases = (
				AA2996461ED9B50B00B10670 /* Sources */,
				AA2996471ED9B50B00B10670 /* Frameworks */,
				AA2996481ED9B50B00B10670 /* Resources */,
			);
			buildRules = (
			);
			dependencies = (
				AA29964C1ED9B50B00B10670 /* PBXTargetDependency */,
			);
			name = TrelloSearchUITests;
			productName = TrelloSearchUITests;
			productReference = AA29964A1ED9B50B00B10670 /* TrelloSearchUITests.xctest */;
			productType = "com.apple.product-type.bundle.ui-testing";
		};
/* End PBXNativeTarget section */

/* Begin PBXProject section */
		AA2996231ED9B50A00B10670 /* Project object */ = {
			isa = PBXProject;
			attributes = {
				LastSwiftUpdateCheck = 0830;
				LastUpgradeCheck = 0830;
				ORGANIZATIONNAME = "Steve Jackson";
				TargetAttributes = {
					AA29962A1ED9B50B00B10670 = {
						CreatedOnToolsVersion = 8.3.2;
						ProvisioningStyle = Automatic;
					};
					AA29963E1ED9B50B00B10670 = {
						CreatedOnToolsVersion = 8.3.2;
						ProvisioningStyle = Automatic;
						TestTargetID = AA29962A1ED9B50B00B10670;
					};
					AA2996491ED9B50B00B10670 = {
						CreatedOnToolsVersion = 8.3.2;
						ProvisioningStyle = Automatic;
						TestTargetID = AA29962A1ED9B50B00B10670;
					};
				};
			};
			buildConfigurationList = AA2996261ED9B50A00B10670 /* Build configuration list for PBXProject "TrelloSearch" */;
			compatibilityVersion = "Xcode 3.2";
			developmentRegion = English;
			hasScannedForEncodings = 0;
			knownRegions = (
				en,
				Base,
			);
			mainGroup = AA2996221ED9B50A00B10670;
			productRefGroup = AA29962C1ED9B50B00B10670 /* Products */;
			projectDirPath = "";
			projectReferences = (
				{
					ProductGroup = AAC748E71EED743E005824CF /* Products */;
					ProjectRef = AAC748E61EED743E005824CF /* Charts.xcodeproj */;
				},
				{
					ProductGroup = AA29965D1ED9B68100B10670 /* Products */;
					ProjectRef = AA29965C1ED9B68100B10670 /* OAuthSwift.xcodeproj */;
				},
			);
			projectRoot = "";
			targets = (
				AA29962A1ED9B50B00B10670 /* TrelloSearch */,
				AA29963E1ED9B50B00B10670 /* TrelloSearchTests */,
				AA2996491ED9B50B00B10670 /* TrelloSearchUITests */,
			);
		};
/* End PBXProject section */

/* Begin PBXReferenceProxy section */
		AA2996671ED9B68100B10670 /* OAuthSwift.framework */ = {
			isa = PBXReferenceProxy;
			fileType = wrapper.framework;
			path = OAuthSwift.framework;
			remoteRef = AA2996661ED9B68100B10670 /* PBXContainerItemProxy */;
			sourceTree = BUILT_PRODUCTS_DIR;
		};
		AA2996691ED9B68100B10670 /* OAuthSwift.framework */ = {
			isa = PBXReferenceProxy;
			fileType = wrapper.framework;
			path = OAuthSwift.framework;
			remoteRef = AA2996681ED9B68100B10670 /* PBXContainerItemProxy */;
			sourceTree = BUILT_PRODUCTS_DIR;
		};
		AA29966B1ED9B68100B10670 /* OAuthSwift.framework */ = {
			isa = PBXReferenceProxy;
			fileType = wrapper.framework;
			path = OAuthSwift.framework;
			remoteRef = AA29966A1ED9B68100B10670 /* PBXContainerItemProxy */;
			sourceTree = BUILT_PRODUCTS_DIR;
		};
		AA29966D1ED9B68100B10670 /* OAuthSwift.framework */ = {
			isa = PBXReferenceProxy;
			fileType = wrapper.framework;
			path = OAuthSwift.framework;
			remoteRef = AA29966C1ED9B68100B10670 /* PBXContainerItemProxy */;
			sourceTree = BUILT_PRODUCTS_DIR;
		};
		AA29966F1ED9B68100B10670 /* OAuthSwiftDemo.app */ = {
			isa = PBXReferenceProxy;
			fileType = wrapper.application;
			path = OAuthSwiftDemo.app;
			remoteRef = AA29966E1ED9B68100B10670 /* PBXContainerItemProxy */;
			sourceTree = BUILT_PRODUCTS_DIR;
		};
		AA2996711ED9B68100B10670 /* OAuthSwiftOSXDemo.app */ = {
			isa = PBXReferenceProxy;
			fileType = wrapper.application;
			path = OAuthSwiftOSXDemo.app;
			remoteRef = AA2996701ED9B68100B10670 /* PBXContainerItemProxy */;
			sourceTree = BUILT_PRODUCTS_DIR;
		};
		AA2996731ED9B68100B10670 /* OAuthSwiftTests.xctest */ = {
			isa = PBXReferenceProxy;
			fileType = wrapper.cfbundle;
			path = OAuthSwiftTests.xctest;
			remoteRef = AA2996721ED9B68100B10670 /* PBXContainerItemProxy */;
			sourceTree = BUILT_PRODUCTS_DIR;
		};
		AAC748EC1EED743F005824CF /* Charts.framework */ = {
			isa = PBXReferenceProxy;
			fileType = wrapper.framework;
			path = Charts.framework;
			remoteRef = AAC748EB1EED743F005824CF /* PBXContainerItemProxy */;
			sourceTree = BUILT_PRODUCTS_DIR;
		};
		AAC748EE1EED743F005824CF /* ChartsTests.xctest */ = {
			isa = PBXReferenceProxy;
			fileType = wrapper.cfbundle;
			path = ChartsTests.xctest;
			remoteRef = AAC748ED1EED743F005824CF /* PBXContainerItemProxy */;
			sourceTree = BUILT_PRODUCTS_DIR;
		};
/* End PBXReferenceProxy section */

/* Begin PBXResourcesBuildPhase section */
		AA2996291ED9B50B00B10670 /* Resources */ = {
			isa = PBXResourcesBuildPhase;
			buildActionMask = 2147483647;
			files = (
				AA2996391ED9B50B00B10670 /* LaunchScreen.storyboard in Resources */,
				AA2996361ED9B50B00B10670 /* Assets.xcassets in Resources */,
				AA2996341ED9B50B00B10670 /* Main.storyboard in Resources */,
			);
			runOnlyForDeploymentPostprocessing = 0;
		};
		AA29963D1ED9B50B00B10670 /* Resources */ = {
			isa = PBXResourcesBuildPhase;
			buildActionMask = 2147483647;
			files = (
			);
			runOnlyForDeploymentPostprocessing = 0;
		};
		AA2996481ED9B50B00B10670 /* Resources */ = {
			isa = PBXResourcesBuildPhase;
			buildActionMask = 2147483647;
			files = (
			);
			runOnlyForDeploymentPostprocessing = 0;
		};
/* End PBXResourcesBuildPhase section */

/* Begin PBXSourcesBuildPhase section */
		AA2996271ED9B50B00B10670 /* Sources */ = {
			isa = PBXSourcesBuildPhase;
			buildActionMask = 2147483647;
			files = (
				AA2996311ED9B50B00B10670 /* ViewController.swift in Sources */,
				AA29962F1ED9B50B00B10670 /* AppDelegate.swift in Sources */,
			);
			runOnlyForDeploymentPostprocessing = 0;
		};
		AA29963B1ED9B50B00B10670 /* Sources */ = {
			isa = PBXSourcesBuildPhase;
			buildActionMask = 2147483647;
			files = (
				AA2996441ED9B50B00B10670 /* TrelloSearchTests.swift in Sources */,
			);
			runOnlyForDeploymentPostprocessing = 0;
		};
		AA2996461ED9B50B00B10670 /* Sources */ = {
			isa = PBXSourcesBuildPhase;
			buildActionMask = 2147483647;
			files = (
				AA29964F1ED9B50B00B10670 /* TrelloSearchUITests.swift in Sources */,
			);
			runOnlyForDeploymentPostprocessing = 0;
		};
/* End PBXSourcesBuildPhase section */

/* Begin PBXTargetDependency section */
		AA2996411ED9B50B00B10670 /* PBXTargetDependency */ = {
			isa = PBXTargetDependency;
			target = AA29962A1ED9B50B00B10670 /* TrelloSearch */;
			targetProxy = AA2996401ED9B50B00B10670 /* PBXContainerItemProxy */;
		};
		AA29964C1ED9B50B00B10670 /* PBXTargetDependency */ = {
			isa = PBXTargetDependency;
			target = AA29962A1ED9B50B00B10670 /* TrelloSearch */;
			targetProxy = AA29964B1ED9B50B00B10670 /* PBXContainerItemProxy */;
		};
		AA2996751ED9B6CD00B10670 /* PBXTargetDependency */ = {
			isa = PBXTargetDependency;
			name = OAuthSwift;
			targetProxy = AA2996741ED9B6CD00B10670 /* PBXContainerItemProxy */;
		};
		AAC748FB1EED75D6005824CF /* PBXTargetDependency */ = {
			isa = PBXTargetDependency;
			name = Charts;
			targetProxy = AAC748FA1EED75D6005824CF /* PBXContainerItemProxy */;
		};
/* End PBXTargetDependency section */

/* Begin PBXVariantGroup section */
		AA2996321ED9B50B00B10670 /* Main.storyboard */ = {
			isa = PBXVariantGroup;
			children = (
				AA2996331ED9B50B00B10670 /* Base */,
			);
			name = Main.storyboard;
			sourceTree = "<group>";
		};
		AA2996371ED9B50B00B10670 /* LaunchScreen.storyboard */ = {
			isa = PBXVariantGroup;
			children = (
				AA2996381ED9B50B00B10670 /* Base */,
			);
			name = LaunchScreen.storyboard;
			sourceTree = "<group>";
		};
/* End PBXVariantGroup section */

/* Begin XCBuildConfiguration section */
		AA2996511ED9B50B00B10670 /* Debug */ = {
			isa = XCBuildConfiguration;
			buildSettings = {
				ALWAYS_SEARCH_USER_PATHS = NO;
				CLANG_ANALYZER_NONNULL = YES;
				CLANG_ANALYZER_NUMBER_OBJECT_CONVERSION = YES_AGGRESSIVE;
				CLANG_CXX_LANGUAGE_STANDARD = "gnu++0x";
				CLANG_CXX_LIBRARY = "libc++";
				CLANG_ENABLE_MODULES = YES;
				CLANG_ENABLE_OBJC_ARC = YES;
				CLANG_WARN_BOOL_CONVERSION = YES;
				CLANG_WARN_CONSTANT_CONVERSION = YES;
				CLANG_WARN_DIRECT_OBJC_ISA_USAGE = YES_ERROR;
				CLANG_WARN_DOCUMENTATION_COMMENTS = YES;
				CLANG_WARN_EMPTY_BODY = YES;
				CLANG_WARN_ENUM_CONVERSION = YES;
				CLANG_WARN_INFINITE_RECURSION = YES;
				CLANG_WARN_INT_CONVERSION = YES;
				CLANG_WARN_OBJC_ROOT_CLASS = YES_ERROR;
				CLANG_WARN_SUSPICIOUS_MOVE = YES;
				CLANG_WARN_UNREACHABLE_CODE = YES;
				CLANG_WARN__DUPLICATE_METHOD_MATCH = YES;
				"CODE_SIGN_IDENTITY[sdk=iphoneos*]" = "iPhone Developer";
				COPY_PHASE_STRIP = NO;
				DEBUG_INFORMATION_FORMAT = dwarf;
				ENABLE_STRICT_OBJC_MSGSEND = YES;
				ENABLE_TESTABILITY = YES;
				GCC_C_LANGUAGE_STANDARD = gnu99;
				GCC_DYNAMIC_NO_PIC = NO;
				GCC_NO_COMMON_BLOCKS = YES;
				GCC_OPTIMIZATION_LEVEL = 0;
				GCC_PREPROCESSOR_DEFINITIONS = (
					"DEBUG=1",
					"$(inherited)",
				);
				GCC_WARN_64_TO_32_BIT_CONVERSION = YES;
				GCC_WARN_ABOUT_RETURN_TYPE = YES_ERROR;
				GCC_WARN_UNDECLARED_SELECTOR = YES;
				GCC_WARN_UNINITIALIZED_AUTOS = YES_AGGRESSIVE;
				GCC_WARN_UNUSED_FUNCTION = YES;
				GCC_WARN_UNUSED_VARIABLE = YES;
				IPHONEOS_DEPLOYMENT_TARGET = 10.3;
				MTL_ENABLE_DEBUG_INFO = YES;
				ONLY_ACTIVE_ARCH = YES;
				SDKROOT = iphoneos;
				SWIFT_ACTIVE_COMPILATION_CONDITIONS = DEBUG;
				SWIFT_OPTIMIZATION_LEVEL = "-Onone";
				TARGETED_DEVICE_FAMILY = "1,2";
			};
			name = Debug;
		};
		AA2996521ED9B50B00B10670 /* Release */ = {
			isa = XCBuildConfiguration;
			buildSettings = {
				ALWAYS_SEARCH_USER_PATHS = NO;
				CLANG_ANALYZER_NONNULL = YES;
				CLANG_ANALYZER_NUMBER_OBJECT_CONVERSION = YES_AGGRESSIVE;
				CLANG_CXX_LANGUAGE_STANDARD = "gnu++0x";
				CLANG_CXX_LIBRARY = "libc++";
				CLANG_ENABLE_MODULES = YES;
				CLANG_ENABLE_OBJC_ARC = YES;
				CLANG_WARN_BOOL_CONVERSION = YES;
				CLANG_WARN_CONSTANT_CONVERSION = YES;
				CLANG_WARN_DIRECT_OBJC_ISA_USAGE = YES_ERROR;
				CLANG_WARN_DOCUMENTATION_COMMENTS = YES;
				CLANG_WARN_EMPTY_BODY = YES;
				CLANG_WARN_ENUM_CONVERSION = YES;
				CLANG_WARN_INFINITE_RECURSION = YES;
				CLANG_WARN_INT_CONVERSION = YES;
				CLANG_WARN_OBJC_ROOT_CLASS = YES_ERROR;
				CLANG_WARN_SUSPICIOUS_MOVE = YES;
				CLANG_WARN_UNREACHABLE_CODE = YES;
				CLANG_WARN__DUPLICATE_METHOD_MATCH = YES;
				"CODE_SIGN_IDENTITY[sdk=iphoneos*]" = "iPhone Developer";
				COPY_PHASE_STRIP = NO;
				DEBUG_INFORMATION_FORMAT = "dwarf-with-dsym";
				ENABLE_NS_ASSERTIONS = NO;
				ENABLE_STRICT_OBJC_MSGSEND = YES;
				GCC_C_LANGUAGE_STANDARD = gnu99;
				GCC_NO_COMMON_BLOCKS = YES;
				GCC_WARN_64_TO_32_BIT_CONVERSION = YES;
				GCC_WARN_ABOUT_RETURN_TYPE = YES_ERROR;
				GCC_WARN_UNDECLARED_SELECTOR = YES;
				GCC_WARN_UNINITIALIZED_AUTOS = YES_AGGRESSIVE;
				GCC_WARN_UNUSED_FUNCTION = YES;
				GCC_WARN_UNUSED_VARIABLE = YES;
				IPHONEOS_DEPLOYMENT_TARGET = 10.3;
				MTL_ENABLE_DEBUG_INFO = NO;
				SDKROOT = iphoneos;
				SWIFT_OPTIMIZATION_LEVEL = "-Owholemodule";
				TARGETED_DEVICE_FAMILY = "1,2";
				VALIDATE_PRODUCT = YES;
			};
			name = Release;
		};
		AA2996541ED9B50B00B10670 /* Debug */ = {
			isa = XCBuildConfiguration;
			buildSettings = {
				ASSETCATALOG_COMPILER_APPICON_NAME = AppIcon;
				INFOPLIST_FILE = TrelloSearch/Info.plist;
				LD_RUNPATH_SEARCH_PATHS = "$(inherited) @executable_path/Frameworks";
				PRODUCT_BUNDLE_IDENTIFIER = com.jastech.TrelloSearch;
				PRODUCT_NAME = "$(TARGET_NAME)";
				SWIFT_VERSION = 3.0;
			};
			name = Debug;
		};
		AA2996551ED9B50B00B10670 /* Release */ = {
			isa = XCBuildConfiguration;
			buildSettings = {
				ASSETCATALOG_COMPILER_APPICON_NAME = AppIcon;
				INFOPLIST_FILE = TrelloSearch/Info.plist;
				LD_RUNPATH_SEARCH_PATHS = "$(inherited) @executable_path/Frameworks";
				PRODUCT_BUNDLE_IDENTIFIER = com.jastech.TrelloSearch;
				PRODUCT_NAME = "$(TARGET_NAME)";
				SWIFT_VERSION = 3.0;
			};
			name = Release;
		};
		AA2996571ED9B50B00B10670 /* Debug */ = {
			isa = XCBuildConfiguration;
			buildSettings = {
				ALWAYS_EMBED_SWIFT_STANDARD_LIBRARIES = YES;
				BUNDLE_LOADER = "$(TEST_HOST)";
				INFOPLIST_FILE = TrelloSearchTests/Info.plist;
				LD_RUNPATH_SEARCH_PATHS = "$(inherited) @executable_path/Frameworks @loader_path/Frameworks";
				PRODUCT_BUNDLE_IDENTIFIER = com.jastech.TrelloSearchTests;
				PRODUCT_NAME = "$(TARGET_NAME)";
				SWIFT_VERSION = 3.0;
				TEST_HOST = "$(BUILT_PRODUCTS_DIR)/TrelloSearch.app/TrelloSearch";
			};
			name = Debug;
		};
		AA2996581ED9B50B00B10670 /* Release */ = {
			isa = XCBuildConfiguration;
			buildSettings = {
				ALWAYS_EMBED_SWIFT_STANDARD_LIBRARIES = YES;
				BUNDLE_LOADER = "$(TEST_HOST)";
				INFOPLIST_FILE = TrelloSearchTests/Info.plist;
				LD_RUNPATH_SEARCH_PATHS = "$(inherited) @executable_path/Frameworks @loader_path/Frameworks";
				PRODUCT_BUNDLE_IDENTIFIER = com.jastech.TrelloSearchTests;
				PRODUCT_NAME = "$(TARGET_NAME)";
				SWIFT_VERSION = 3.0;
				TEST_HOST = "$(BUILT_PRODUCTS_DIR)/TrelloSearch.app/TrelloSearch";
			};
			name = Release;
		};
		AA29965A1ED9B50B00B10670 /* Debug */ = {
			isa = XCBuildConfiguration;
			buildSettings = {
				ALWAYS_EMBED_SWIFT_STANDARD_LIBRARIES = YES;
				INFOPLIST_FILE = TrelloSearchUITests/Info.plist;
				LD_RUNPATH_SEARCH_PATHS = "$(inherited) @executable_path/Frameworks @loader_path/Frameworks";
				PRODUCT_BUNDLE_IDENTIFIER = com.jastech.TrelloSearchUITests;
				PRODUCT_NAME = "$(TARGET_NAME)";
				SWIFT_VERSION = 3.0;
				TEST_TARGET_NAME = TrelloSearch;
			};
			name = Debug;
		};
		AA29965B1ED9B50B00B10670 /* Release */ = {
			isa = XCBuildConfiguration;
			buildSettings = {
				ALWAYS_EMBED_SWIFT_STANDARD_LIBRARIES = YES;
				INFOPLIST_FILE = TrelloSearchUITests/Info.plist;
				LD_RUNPATH_SEARCH_PATHS = "$(inherited) @executable_path/Frameworks @loader_path/Frameworks";
				PRODUCT_BUNDLE_IDENTIFIER = com.jastech.TrelloSearchUITests;
				PRODUCT_NAME = "$(TARGET_NAME)";
				SWIFT_VERSION = 3.0;
				TEST_TARGET_NAME = TrelloSearch;
			};
			name = Release;
		};
/* End XCBuildConfiguration section */

/* Begin XCConfigurationList section */
		AA2996261ED9B50A00B10670 /* Build configuration list for PBXProject "TrelloSearch" */ = {
			isa = XCConfigurationList;
			buildConfigurations = (
				AA2996511ED9B50B00B10670 /* Debug */,
				AA2996521ED9B50B00B10670 /* Release */,
			);
			defaultConfigurationIsVisible = 0;
			defaultConfigurationName = Release;
		};
		AA2996531ED9B50B00B10670 /* Build configuration list for PBXNativeTarget "TrelloSearch" */ = {
			isa = XCConfigurationList;
			buildConfigurations = (
				AA2996541ED9B50B00B10670 /* Debug */,
				AA2996551ED9B50B00B10670 /* Release */,
			);
			defaultConfigurationIsVisible = 0;
			defaultConfigurationName = Release;
		};
		AA2996561ED9B50B00B10670 /* Build configuration list for PBXNativeTarget "TrelloSearchTests" */ = {
			isa = XCConfigurationList;
			buildConfigurations = (
				AA2996571ED9B50B00B10670 /* Debug */,
				AA2996581ED9B50B00B10670 /* Release */,
			);
			defaultConfigurationIsVisible = 0;
			defaultConfigurationName = Release;
		};
		AA2996591ED9B50B00B10670 /* Build configuration list for PBXNativeTarget "TrelloSearchUITests" */ = {
			isa = XCConfigurationList;
			buildConfigurations = (
				AA29965A1ED9B50B00B10670 /* Debug */,
				AA29965B1ED9B50B00B10670 /* Release */,
			);
			defaultConfigurationIsVisible = 0;
			defaultConfigurationName = Release;
		};
/* End XCConfigurationList section */
	};
	rootObject = AA2996231ED9B50A00B10670 /* Project object */;
}
